PODS:
  - Alamofire (4.8.1)
  - DynamicBlurView (3.0.1)
  - Gloss (2.1.0)
  - lottie-ios (3.0.3)
  - OpenSSL-Apple (1.1.0l.4)
  - PopupDialog (0.9.2):
    - DynamicBlurView (~> 3.0.1)
  - QuickLayout (2.0.2)
  - ReachabilitySwift (4.3.0)
  - SwiftEntryKit (0.7.2):
    - QuickLayout (= 2.0.2)
  - SwiftyBeaver (1.7.0)
  - TunnelKit (2.0.5):
    - TunnelKit/Protocols/OpenVPN (= 2.0.5)
  - TunnelKit/AppExtension (2.0.5):
    - SwiftyBeaver
    - TunnelKit/Core
  - TunnelKit/Core (2.0.5):
    - SwiftyBeaver
  - TunnelKit/Protocols/OpenVPN (2.0.5):
    - OpenSSL-Apple (~> 1.1.0j.4)
    - TunnelKit/AppExtension
    - TunnelKit/Core

DEPENDENCIES:
  - Alamofire (~> 4)
  - Gloss (~> 2)
  - lottie-ios
  - PopupDialog
  - ReachabilitySwift
  - SwiftEntryKit (= 0.7.2)
  - SwiftyBeaver (~> 1.7.0)
  - TunnelKit

SPEC REPOS:
  https://github.com/cocoapods/specs.git:
    - Alamofire
    - DynamicBlurView
    - Gloss
    - lottie-ios
    - OpenSSL-Apple
    - PopupDialog
    - QuickLayout
    - ReachabilitySwift
    - SwiftEntryKit
    - SwiftyBeaver
    - TunnelKit

SPEC CHECKSUMS:
  Alamofire: 16ce2c353fb72865124ddae8a57c5942388f4f11
  DynamicBlurView: b1df5415f9bd31897549e5d7077e5ec120a4d636
  Gloss: 13ab6b4b0ff4cb2448466edc957479b1bccea8ba
  lottie-ios: 06e0b54aab85ba128e332687d7f4ac4861a7a7ae
  OpenSSL-Apple: f3d1668588ea8f06b076dcfa6177cd90452e3800
  PopupDialog: f4bb461bf70ff422be0b56656566424ee9273080
  QuickLayout: a730730b646b231fd4ef7cffaeb1e81fe0e1ca92
  ReachabilitySwift: 408477d1b6ed9779dba301953171e017c31241f3
  SwiftEntryKit: 83d312243af7397e38a222b17b7a744b9a7d2145
  SwiftyBeaver: 4cc0080d2e23f980652e28978db11a5c9da39165
  TunnelKit: f33216415cd9d5e37b6acf02edb0c79350598b36

PODFILE CHECKSUM: fde4753cd084f84e9478f6da5890bde64f92d5e7

COCOAPODS: 1.7.5
