PODS:
  - Alamofire (4.7.2)
  - Gloss (2.0.1)
  - OpenSSL-Apple (1.1.0h)
  - PIATunnel (1.1.1):
    - PIATunnel/AppExtension (= 1.1.1)
    - PIATunnel/Core (= 1.1.1)
  - PIATunnel/AppExtension (1.1.1):
    - PIATunnel/Core
    - SwiftyBeaver
  - PIATunnel/Core (1.1.1):
    - OpenSSL-Apple (~> 1.1.0h)
    - SBObjectiveCWrapper
    - SwiftyBeaver
  - ReachabilitySwift (4.1.0)
  - SBObjectiveCWrapper (1.4.0):
    - SwiftyBeaver (~> 1.4.0)
  - SwiftyBeaver (1.4.4)

DEPENDENCIES:
  - Alamofire (~> 4)
  - Gloss (~> 2)
  - PIATunnel (~> 1.1)
  - ReachabilitySwift
  - SwiftyBeaver (~> 1.4)

SPEC REPOS:
  https://github.com/cocoapods/specs.git:
    - Alamofire
    - Gloss
    - OpenSSL-Apple
    - PIATunnel
    - ReachabilitySwift
    - SBObjectiveCWrapper
    - SwiftyBeaver

SPEC CHECKSUMS:
  Alamofire: e4fa87002c137ba2d8d634d2c51fabcda0d5c223
  Gloss: 1e8743f8de1fbe14a97f220ff901cba91ae5f8f8
  OpenSSL-Apple: cd153d705ef350eb834ae7ff5f21f792b51ed208
  PIATunnel: bba311b4d274c66d3a5c4a0ed6285f8a7b55e781
  ReachabilitySwift: 6849231cd4e06559f3b9ef4a97a0a0f96d41e09f
  SBObjectiveCWrapper: 854ea56b37cd0031af2b1d6e12c2f965fc4ff86d
  SwiftyBeaver: 25bd76281f49ca989ec2e3cbde9af89c15bc1432

PODFILE CHECKSUM: b6759e1e16582c875ff80faa25e63aedf62d5a7f

COCOAPODS: 1.5.3
