{
  "object": {
    "pins": [
      {
        "package": "CwlCatchException",
        "repositoryURL": "https://github.com/mattgallagher/CwlCatchException.git",
        "state": {
          "branch": null,
          "revision": "07b2ba21d361c223e25e3c1e924288742923f08c",
          "version": "2.2.1"
        }
      },
      {
        "package": "CwlPreconditionTesting",
        "repositoryURL": "https://github.com/mattgallagher/CwlPreconditionTesting.git",
        "state": {
          "branch": null,
          "revision": "0139c665ebb45e6a9fbdb68aabfd7c39f3fe0071",
          "version": "2.2.2"
        }
      },
      {
        "package": "DynamicBlurView",
        "repositoryURL": "https://github.com/KyoheiG3/DynamicBlurView.git",
        "state": {
          "branch": null,
          "revision": "d69b09d70a689dc7b8ea6aa6de3e63f9e6c545ce",
          "version": "5.0.5"
        }
      },
      {
        "package": "DZNEmptyDataSet",
        "repositoryURL": "https://github.com/dzenbot/DZNEmptyDataSet.git",
        "state": {
          "branch": "master",
          "revision": "9bffa69a83a9fa58a14b3cf43cb6dd8a63774179",
          "version": null
        }
      },
      {
        "package": "GradientProgressBar",
        "repositoryURL": "https://github.com/fxm90/GradientProgressBar.git",
        "state": {
          "branch": null,
          "revision": "0d07228b9d7be44dce231819962f8e23146330ca",
          "version": "3.0.0"
        }
      },
      {
        "package": "Nimble",
        "repositoryURL": "https://github.com/Quick/Nimble",
        "state": {
          "branch": null,
          "revision": "035b88ad6ae8035f5ce2b50b0a6d69c3b16d2120",
          "version": "14.0.0"
        }
      },
      {
        "package": "Popover",
        "repositoryURL": "https://github.com/sarathsarah/Popover.git",
        "state": {
          "branch": "master",
          "revision": "3674e94551307502995f363681b6b51e93fcdf3e",
          "version": null
        }
      },
      {
        "package": "PopupDialog",
        "repositoryURL": "https://github.com/Orderella/PopupDialog.git",
        "state": {
          "branch": "master",
          "revision": "d41ac7c7fa7b940c355490281ea8b2fc39c8f599",
          "version": null
        }
      },
      {
        "package": "Quick",
        "repositoryURL": "https://github.com/Quick/Quick",
        "state": {
          "branch": null,
          "revision": "1163a1b1b114a657c7432b63dd1f92ce99fe11a6",
          "version": "7.6.2"
        }
      },
      {
        "package": "SideMenu",
        "repositoryURL": "https://github.com/jonkykong/SideMenu.git",
        "state": {
          "branch": null,
          "revision": "8bd4fd128923cf5494fa726839af8afe12908ad9",
          "version": "6.5.0"
        }
      },
      {
        "package": "swift-argument-parser",
        "repositoryURL": "https://github.com/apple/swift-argument-parser.git",
        "state": {
          "branch": null,
          "revision": "c5d11a805e765f52ba34ec7284bd4fcd6ba68615",
          "version": "1.7.0"
        }
      },
      {
        "package": "swift-custom-dump",
        "repositoryURL": "https://github.com/pointfreeco/swift-custom-dump",
        "state": {
          "branch": null,
          "revision": "06c57924455064182d6b217f06ebc05d00cb2990",
          "version": "1.5.0"
        }
      },
      {
        "package": "swift-snapshot-testing",
        "repositoryURL": "https://github.com/pointfreeco/swift-snapshot-testing",
        "state": {
          "branch": null,
          "revision": "ad5e3190cc63dc288f28546f9c6827efc1e9d495",
          "version": "1.19.2"
        }
      },
      {
        "package": "swift-syntax",
        "repositoryURL": "https://github.com/swiftlang/swift-syntax",
        "state": {
          "branch": null,
          "revision": "4799286537280063c85a32f09884cfbca301b1a1",
          "version": "602.0.0"
        }
      },
      {
        "package": "SwiftEntryKit",
        "repositoryURL": "https://github.com/huri000/SwiftEntryKit.git",
        "state": {
          "branch": null,
          "revision": "5ad36cccf0c4b9fea32f4e9b17a8e38f07563ef0",
          "version": "2.0.0"
        }
      },
      {
        "package": "xctest-dynamic-overlay",
        "repositoryURL": "https://github.com/pointfreeco/xctest-dynamic-overlay",
        "state": {
          "branch": null,
          "revision": "dfd70507def84cb5fb821278448a262c6ff2bbad",
          "version": "1.9.0"
        }
      }
    ]
  },
  "version": 1
}
