<?xml version="1.0" encoding="UTF-8"?>
<Scheme
   LastUpgradeVersion = "0930"
   version = "1.7">
   <BuildAction
      parallelizeBuildables = "YES"
      buildImplicitDependencies = "YES">
      <BuildActionEntries>
         <BuildActionEntry
            buildForTesting = "YES"
            buildForRunning = "YES"
            buildForProfiling = "YES"
            buildForArchiving = "YES"
            buildForAnalyzing = "YES">
            <BuildableReference
               BuildableIdentifier = "primary"
               BlueprintIdentifier = "0EE2200B1F4EF307002805AE"
               BuildableName = "PIA VPN Staging.app"
               BlueprintName = "PIA VPN Staging"
               ReferencedContainer = "container:PIA VPN.xcodeproj">
            </BuildableReference>
         </BuildActionEntry>
         <BuildActionEntry
            buildForTesting = "YES"
            buildForRunning = "YES"
            buildForProfiling = "YES"
            buildForArchiving = "YES"
            buildForAnalyzing = "YES">
            <BuildableReference
               BuildableIdentifier = "primary"
               BlueprintIdentifier = "0EFB606F203D7A2C0095398C"
               BuildableName = "PIA VPN AdBlocker.appex"
               BlueprintName = "PIA VPN AdBlocker"
               ReferencedContainer = "container:PIA VPN.xcodeproj">
            </BuildableReference>
         </BuildActionEntry>
         <BuildActionEntry
            buildForTesting = "YES"
            buildForRunning = "YES"
            buildForProfiling = "YES"
            buildForArchiving = "YES"
            buildForAnalyzing = "YES">
            <BuildableReference
               BuildableIdentifier = "primary"
               BlueprintIdentifier = "0E67FC211E3F802D00EF9929"
               BuildableName = "PIA VPN Tunnel.appex"
               BlueprintName = "PIA VPN Tunnel"
               ReferencedContainer = "container:PIA VPN.xcodeproj">
            </BuildableReference>
         </BuildActionEntry>
      </BuildActionEntries>
   </BuildAction>
   <TestAction
      buildConfiguration = "Debug"
      selectedDebuggerIdentifier = "Xcode.DebuggerFoundation.Debugger.LLDB"
      selectedLauncherIdentifier = "Xcode.DebuggerFoundation.Launcher.LLDB"
      shouldUseLaunchSchemeArgsEnv = "NO">
      <MacroExpansion>
         <BuildableReference
            BuildableIdentifier = "primary"
            BlueprintIdentifier = "0EE2200B1F4EF307002805AE"
            BuildableName = "PIA VPN Staging.app"
            BlueprintName = "PIA VPN Staging"
            ReferencedContainer = "container:PIA VPN.xcodeproj">
         </BuildableReference>
      </MacroExpansion>
      <EnvironmentVariables>
         <EnvironmentVariable
            key = "PIA_TEST_USER"
            value = "xxx"
            isEnabled = "YES">
         </EnvironmentVariable>
         <EnvironmentVariable
            key = "PIA_TEST_PASSWORD"
            value = "xxx"
            isEnabled = "YES">
         </EnvironmentVariable>
      </EnvironmentVariables>
      <TestPlans>
         <TestPlanReference
            reference = "container:TestPlans/PIA-VPN-e2e-simulator.xctestplan"
            default = "YES">
         </TestPlanReference>
      </TestPlans>
      <Testables>
         <TestableReference
            skipped = "NO">
            <BuildableReference
               BuildableIdentifier = "primary"
               BlueprintIdentifier = "0EEE1BE61E4F6EF400397DE2"
               BuildableName = "PIA VPNTests.xctest"
               BlueprintName = "PIA VPNTests"
               ReferencedContainer = "container:PIA VPN.xcodeproj">
            </BuildableReference>
         </TestableReference>
         <TestableReference
            skipped = "NO"
            parallelizable = "YES">
            <BuildableReference
               BuildableIdentifier = "primary"
               BlueprintIdentifier = "69B70AAF2ACBF51C0072A09D"
               BuildableName = "PIA-VPN_E2E_Tests.xctest"
               BlueprintName = "PIA-VPN_E2E_Tests"
               ReferencedContainer = "container:PIA VPN.xcodeproj">
            </BuildableReference>
         </TestableReference>
      </Testables>
   </TestAction>
   <LaunchAction
      buildConfiguration = "Debug"
      selectedDebuggerIdentifier = "Xcode.DebuggerFoundation.Debugger.LLDB"
      selectedLauncherIdentifier = "Xcode.DebuggerFoundation.Launcher.LLDB"
      language = "en"
      region = "IT"
      launchStyle = "0"
      useCustomWorkingDirectory = "NO"
      ignoresPersistentStateOnLaunch = "NO"
      debugDocumentVersioning = "YES"
      debugServiceExtension = "internal"
      allowLocationSimulation = "YES">
      <BuildableProductRunnable
         runnableDebuggingMode = "0">
         <BuildableReference
            BuildableIdentifier = "primary"
            BlueprintIdentifier = "0EE2200B1F4EF307002805AE"
            BuildableName = "PIA VPN Staging.app"
            BlueprintName = "PIA VPN Staging"
            ReferencedContainer = "container:PIA VPN.xcodeproj">
         </BuildableReference>
      </BuildableProductRunnable>
   </LaunchAction>
   <ProfileAction
      buildConfiguration = "Release"
      shouldUseLaunchSchemeArgsEnv = "YES"
      savedToolIdentifier = ""
      useCustomWorkingDirectory = "NO"
      debugDocumentVersioning = "YES">
      <BuildableProductRunnable
         runnableDebuggingMode = "0">
         <BuildableReference
            BuildableIdentifier = "primary"
            BlueprintIdentifier = "0EE2200B1F4EF307002805AE"
            BuildableName = "PIA VPN Staging.app"
            BlueprintName = "PIA VPN Staging"
            ReferencedContainer = "container:PIA VPN.xcodeproj">
         </BuildableReference>
      </BuildableProductRunnable>
   </ProfileAction>
   <AnalyzeAction
      buildConfiguration = "Debug">
   </AnalyzeAction>
   <ArchiveAction
      buildConfiguration = "Release"
      revealArchiveInOrganizer = "YES">
   </ArchiveAction>
</Scheme>
